{
  "nodes": {
    "flake-parts": {
      "inputs": {
        "nixpkgs-lib": [
          "nixpkgs"
        ]
      },
      "locked": {
        "lastModified": 1733312601,
        "narHash": "sha256-4pDvzqnegAfRkPwO3wmwBhVi/Sye1mzps0zHWYnP88c=",
        "owner": "hercules-ci",
        "repo": "flake-parts",
        "rev": "205b12d8b7cd4802fbcb8e8ef6a0f1408781a4f9",
        "type": "github"
      },
      "original": {
        "owner": "hercules-ci",
        "repo": "flake-parts",
        "type": "github"
      }
    },
    "flake-utils": {
      "inputs": {
        "systems": "systems"
      },
      "locked": {
        "lastModified": 1710146030,
        "narHash": "sha256-SZ5L6eA7HJ/nmkzGG7/ISclqe6oZdOZTNoesiInkXPQ=",
        "owner": "numtide",
        "repo": "flake-utils",
        "rev": "b1d9ab70662946ef0850d488da1c9019f3a9752a",
        "type": "github"
      },
      "original": {
        "owner": "numtide",
        "repo": "flake-utils",
        "type": "github"
      }
    },
    "nixpkgs": {
      "locked": {
        "lastModified": 1733212471,
        "narHash": "sha256-M1+uCoV5igihRfcUKrr1riygbe73/dzNnzPsmaLCmpo=",
        "owner": "nixos",
        "repo": "nixpkgs",
        "rev": "55d15ad12a74eb7d4646254e13638ad0c4128776",
        "type": "github"
      },
      "original": {
        "owner": "nixos",
        "ref": "nixos-unstable",
        "repo": "nixpkgs",
        "type": "github"
      }
    },
    "nixpkgs_2": {
      "locked": {
        "lastModified": 1723019560,
        "narHash": "sha256-O/kxmybNecC3Efr6ITOdtCzFv90/B2Iiedavj5aRWt0=",
        "owner": "NixOS",
        "repo": "nixpkgs",
        "rev": "f5129fb42b9c262318130a97b47516946da3e7d7",
        "type": "github"
      },
      "original": {
        "owner": "NixOS",
        "ref": "nixpkgs-unstable",
        "repo": "nixpkgs",
        "type": "github"
      }
    },
    "root": {
      "inputs": {
        "flake-parts": "flake-parts",
        "nixpkgs": "nixpkgs",
        "simple-terminal": "simple-terminal",
        "spotify-player": "spotify-player"
      }
    },
    "rust-overlay": {
      "inputs": {
        "nixpkgs": [
          "spotify-player",
          "nixpkgs"
        ]
      },
      "locked": {
        "lastModified": 1723083652,
        "narHash": "sha256-ait+SeO67n8b3lIaBWwuzVX6F1zyTJ0cY6cHWtvhTyc=",
        "owner": "oxalica",
        "repo": "rust-overlay",
        "rev": "69e0ad9289fc08ee5a313fb107f00e0f21e7cbb2",
        "type": "github"
      },
      "original": {
        "owner": "oxalica",
        "repo": "rust-overlay",
        "type": "github"
      }
    },
    "simple-terminal": {
      "flake": false,
      "locked": {
        "lastModified": 1723203296,
        "narHash": "sha256-pW1b7nFFXPufNbvOLJf8lIZ9WEg2pMFne0Q/SkA5TdE=",
        "ref": "refs/heads/master",
        "rev": "a0274bc20e11d8672bb2953fdd1d3010c0e708c5",
        "revCount": 1173,
        "type": "git",
        "url": "https://git.suckless.org/st/"
      },
      "original": {
        "type": "git",
        "url": "https://git.suckless.org/st/"
      }
    },
    "spotify-player": {
      "inputs": {
        "flake-utils": "flake-utils",
        "nixpkgs": "nixpkgs_2",
        "rust-overlay": "rust-overlay"
      },
      "locked": {
        "dir": "nix",
        "lastModified": 1729252850,
        "narHash": "sha256-GiuLG0qCksmhNYnBe0T/OgGuYaYDDAO+s78eyiNya/Y=",
        "owner": "juliamertz",
        "repo": "spotify-player",
        "rev": "448b3571986f2b939a99739c50f04c91115d0b00",
        "type": "github"
      },
      "original": {
        "dir": "nix",
        "owner": "juliamertz",
        "ref": "dev",
        "repo": "spotify-player",
        "type": "github"
      }
    },
    "systems": {
      "locked": {
        "lastModified": 1681028828,
        "narHash": "sha256-Vy1rq5AaRuLzOxct8nz4T6wlgyUR7zLU309k9mBC768=",
        "owner": "nix-systems",
        "repo": "default",
        "rev": "da67096a3b9bf56a91d16901293e51ba5b49a27e",
        "type": "github"
      },
      "original": {
        "owner": "nix-systems",
        "repo": "default",
        "type": "github"
      }
    }
  },
  "root": "root",
  "version": 7
}
